{
  "name": "angular-electron",
  "version": "12.0.1",
  "lockfileVersion": 1,
  "requires": true,
  "dependencies": {
    "custom-electron-titlebar": {
      "version": "4.2.3",
      "resolved": "https://registry.npmjs.org/custom-electron-titlebar/-/custom-electron-titlebar-4.2.3.tgz",
      "integrity": "sha512-nWzTL13vwac0R4kyOdMbTp5X/Mq7akhWc7IoojFyXwjovtfeNca5flf2ftl71mwfV2DhZr5qMoretLfNNq1YDg=="
    }
  }
}
